// !$*UTF8*$!
{
	archiveVersion = 1;
	classes = {
	};
	objectVersion = 46;
	objects = {

/* Begin PBXBuildFile section */
		181A7F541E83A9360022DCF2 /* QSPhotosFooterView.m in Sources */ = {isa = PBXBuildFile; fileRef = 181A7F531E83A9360022DCF2 /* QSPhotosFooterView.m */; };
		181A7F571E83AF580022DCF2 /* QSPhotosBottomView.m in Sources */ = {isa = PBXBuildFile; fileRef = 181A7F561E83AF580022DCF2 /* QSPhotosBottomView.m */; };
		181A7F5A1E83CCB30022DCF2 /* QSPhotoSelectViewController.m in Sources */ = {isa = PBXBuildFile; fileRef = 181A7F591E83CCB30022DCF2 /* QSPhotoSelectViewController.m */; };
		1863B6861E8222A200DC5713 /* QSPhotoSelectImageView.m in Sources */ = {isa = PBXBuildFile; fileRef = 1863B6851E8222A200DC5713 /* QSPhotoSelectImageView.m */; };
		18711D191E84C44400CB3CB7 /* QSPhotoGroup.m in Sources */ = {isa = PBXBuildFile; fileRef = 18711D181E84C44400CB3CB7 /* QSPhotoGroup.m */; };
		18711D1C1E84C52B00CB3CB7 /* QSPhotoAsset.m in Sources */ = {isa = PBXBuildFile; fileRef = 18711D1B1E84C52B00CB3CB7 /* QSPhotoAsset.m */; };
		187705381E8A024100E93DE6 /* QSBrowserViewController.m in Sources */ = {isa = PBXBuildFile; fileRef = 187705371E8A024100E93DE6 /* QSBrowserViewController.m */; };
		187705431E8A163B00E93DE6 /* Utils.m in Sources */ = {isa = PBXBuildFile; fileRef = 187705421E8A163B00E93DE6 /* Utils.m */; };
		187705481E8A4C5900E93DE6 /* QSBrowserCell.m in Sources */ = {isa = PBXBuildFile; fileRef = 187705471E8A4C5900E93DE6 /* QSBrowserCell.m */; };
		1877054C1E8A51AB00E93DE6 /* UIView+GetViewLayout.m in Sources */ = {isa = PBXBuildFile; fileRef = 1877054B1E8A51AB00E93DE6 /* UIView+GetViewLayout.m */; };
		187A5BE31E811C020040C93F /* main.m in Sources */ = {isa = PBXBuildFile; fileRef = 187A5BE21E811C020040C93F /* main.m */; };
		187A5BE61E811C020040C93F /* AppDelegate.m in Sources */ = {isa = PBXBuildFile; fileRef = 187A5BE51E811C020040C93F /* AppDelegate.m */; };
		187A5BE91E811C020040C93F /* ViewController.m in Sources */ = {isa = PBXBuildFile; fileRef = 187A5BE81E811C020040C93F /* ViewController.m */; };
		187A5BEC1E811C020040C93F /* Main.storyboard in Resources */ = {isa = PBXBuildFile; fileRef = 187A5BEA1E811C020040C93F /* Main.storyboard */; };
		187A5BEE1E811C020040C93F /* Assets.xcassets in Resources */ = {isa = PBXBuildFile; fileRef = 187A5BED1E811C020040C93F /* Assets.xcassets */; };
		187A5BF11E811C020040C93F /* LaunchScreen.storyboard in Resources */ = {isa = PBXBuildFile; fileRef = 187A5BEF1E811C020040C93F /* LaunchScreen.storyboard */; };
		187A5BFC1E811C020040C93F /* QSPhotoSelectTests.m in Sources */ = {isa = PBXBuildFile; fileRef = 187A5BFB1E811C020040C93F /* QSPhotoSelectTests.m */; };
		187A5C071E811C020040C93F /* QSPhotoSelectUITests.m in Sources */ = {isa = PBXBuildFile; fileRef = 187A5C061E811C020040C93F /* QSPhotoSelectUITests.m */; };
		18C7B1331E8B939000697DF9 /* QSBrowserHeadView.m in Sources */ = {isa = PBXBuildFile; fileRef = 18C7B1321E8B939000697DF9 /* QSBrowserHeadView.m */; };
		18E493851E825D100088BF8C /* QSPhotosCollectionView.m in Sources */ = {isa = PBXBuildFile; fileRef = 18E493841E825D100088BF8C /* QSPhotosCollectionView.m */; };
		18E493881E8267C10088BF8C /* QSCollectionViewController.m in Sources */ = {isa = PBXBuildFile; fileRef = 18E493871E8267C10088BF8C /* QSCollectionViewController.m */; };
		18E4938B1E8291B90088BF8C /* QSPhotoTableViewController.m in Sources */ = {isa = PBXBuildFile; fileRef = 18E4938A1E8291B90088BF8C /* QSPhotoTableViewController.m */; };
/* End PBXBuildFile section */

/* Begin PBXContainerItemProxy section */
		187A5BF81E811C020040C93F /* PBXContainerItemProxy */ = {
			isa = PBXContainerItemProxy;
			containerPortal = 187A5BD61E811C020040C93F /* Project object */;
			proxyType = 1;
			remoteGlobalIDString = 187A5BDD1E811C020040C93F;
			remoteInfo = PhototKitTest;
		};
		187A5C031E811C020040C93F /* PBXContainerItemProxy */ = {
			isa = PBXContainerItemProxy;
			containerPortal = 187A5BD61E811C020040C93F /* Project object */;
			proxyType = 1;
			remoteGlobalIDString = 187A5BDD1E811C020040C93F;
			remoteInfo = PhototKitTest;
		};
/* End PBXContainerItemProxy section */

/* Begin PBXFileReference section */
		181A7F521E83A9360022DCF2 /* QSPhotosFooterView.h */ = {isa = PBXFileReference; fileEncoding = 4; lastKnownFileType = sourcecode.c.h; path = QSPhotosFooterView.h; sourceTree = "<group>"; };
		181A7F531E83A9360022DCF2 /* QSPhotosFooterView.m */ = {isa = PBXFileReference; fileEncoding = 4; lastKnownFileType = sourcecode.c.objc; path = QSPhotosFooterView.m; sourceTree = "<group>"; };
		181A7F551E83AF580022DCF2 /* QSPhotosBottomView.h */ = {isa = PBXFileReference; fileEncoding = 4; lastKnownFileType = sourcecode.c.h; path = QSPhotosBottomView.h; sourceTree = "<group>"; };
		181A7F561E83AF580022DCF2 /* QSPhotosBottomView.m */ = {isa = PBXFileReference; fileEncoding = 4; lastKnownFileType = sourcecode.c.objc; path = QSPhotosBottomView.m; sourceTree = "<group>"; };
		181A7F581E83CCB30022DCF2 /* QSPhotoSelectViewController.h */ = {isa = PBXFileReference; fileEncoding = 4; lastKnownFileType = sourcecode.c.h; path = QSPhotoSelectViewController.h; sourceTree = "<group>"; };
		181A7F591E83CCB30022DCF2 /* QSPhotoSelectViewController.m */ = {isa = PBXFileReference; fileEncoding = 4; lastKnownFileType = sourcecode.c.objc; path = QSPhotoSelectViewController.m; sourceTree = "<group>"; };
		1863B6841E8222A200DC5713 /* QSPhotoSelectImageView.h */ = {isa = PBXFileReference; fileEncoding = 4; lastKnownFileType = sourcecode.c.h; path = QSPhotoSelectImageView.h; sourceTree = "<group>"; };
		1863B6851E8222A200DC5713 /* QSPhotoSelectImageView.m */ = {isa = PBXFileReference; fileEncoding = 4; lastKnownFileType = sourcecode.c.objc; path = QSPhotoSelectImageView.m; sourceTree = "<group>"; };
		18711D171E84C44400CB3CB7 /* QSPhotoGroup.h */ = {isa = PBXFileReference; fileEncoding = 4; lastKnownFileType = sourcecode.c.h; path = QSPhotoGroup.h; sourceTree = "<group>"; };
		18711D181E84C44400CB3CB7 /* QSPhotoGroup.m */ = {isa = PBXFileReference; fileEncoding = 4; lastKnownFileType = sourcecode.c.objc; path = QSPhotoGroup.m; sourceTree = "<group>"; };
		18711D1A1E84C52B00CB3CB7 /* QSPhotoAsset.h */ = {isa = PBXFileReference; fileEncoding = 4; lastKnownFileType = sourcecode.c.h; path = QSPhotoAsset.h; sourceTree = "<group>"; };
		18711D1B1E84C52B00CB3CB7 /* QSPhotoAsset.m */ = {isa = PBXFileReference; fileEncoding = 4; lastKnownFileType = sourcecode.c.objc; path = QSPhotoAsset.m; sourceTree = "<group>"; };
		187705361E8A024100E93DE6 /* QSBrowserViewController.h */ = {isa = PBXFileReference; fileEncoding = 4; lastKnownFileType = sourcecode.c.h; path = QSBrowserViewController.h; sourceTree = "<group>"; };
		187705371E8A024100E93DE6 /* QSBrowserViewController.m */ = {isa = PBXFileReference; fileEncoding = 4; lastKnownFileType = sourcecode.c.objc; path = QSBrowserViewController.m; sourceTree = "<group>"; };
		187705411E8A163B00E93DE6 /* Utils.h */ = {isa = PBXFileReference; fileEncoding = 4; lastKnownFileType = sourcecode.c.h; path = Utils.h; sourceTree = "<group>"; };
		187705421E8A163B00E93DE6 /* Utils.m */ = {isa = PBXFileReference; fileEncoding = 4; lastKnownFileType = sourcecode.c.objc; path = Utils.m; sourceTree = "<group>"; };
		187705451E8A388000E93DE6 /* MacroDefinition.h */ = {isa = PBXFileReference; lastKnownFileType = sourcecode.c.h; path = MacroDefinition.h; sourceTree = "<group>"; };
		187705461E8A4C5900E93DE6 /* QSBrowserCell.h */ = {isa = PBXFileReference; fileEncoding = 4; lastKnownFileType = sourcecode.c.h; path = QSBrowserCell.h; sourceTree = "<group>"; };
		187705471E8A4C5900E93DE6 /* QSBrowserCell.m */ = {isa = PBXFileReference; fileEncoding = 4; lastKnownFileType = sourcecode.c.objc; path = QSBrowserCell.m; sourceTree = "<group>"; };
		1877054A1E8A51AB00E93DE6 /* UIView+GetViewLayout.h */ = {isa = PBXFileReference; fileEncoding = 4; lastKnownFileType = sourcecode.c.h; path = "UIView+GetViewLayout.h"; sourceTree = "<group>"; };
		1877054B1E8A51AB00E93DE6 /* UIView+GetViewLayout.m */ = {isa = PBXFileReference; fileEncoding = 4; lastKnownFileType = sourcecode.c.objc; path = "UIView+GetViewLayout.m"; sourceTree = "<group>"; };
		187A5BDE1E811C020040C93F /* QSPhotoSelect.app */ = {isa = PBXFileReference; explicitFileType = wrapper.application; includeInIndex = 0; path = QSPhotoSelect.app; sourceTree = BUILT_PRODUCTS_DIR; };
		187A5BE21E811C020040C93F /* main.m */ = {isa = PBXFileReference; lastKnownFileType = sourcecode.c.objc; path = main.m; sourceTree = "<group>"; };
		187A5BE41E811C020040C93F /* AppDelegate.h */ = {isa = PBXFileReference; lastKnownFileType = sourcecode.c.h; path = AppDelegate.h; sourceTree = "<group>"; };
		187A5BE51E811C020040C93F /* AppDelegate.m */ = {isa = PBXFileReference; lastKnownFileType = sourcecode.c.objc; path = AppDelegate.m; sourceTree = "<group>"; };
		187A5BE71E811C020040C93F /* ViewController.h */ = {isa = PBXFileReference; lastKnownFileType = sourcecode.c.h; path = ViewController.h; sourceTree = "<group>"; };
		187A5BE81E811C020040C93F /* ViewController.m */ = {isa = PBXFileReference; lastKnownFileType = sourcecode.c.objc; path = ViewController.m; sourceTree = "<group>"; };
		187A5BEB1E811C020040C93F /* Base */ = {isa = PBXFileReference; lastKnownFileType = file.storyboard; name = Base; path = Base.lproj/Main.storyboard; sourceTree = "<group>"; };
		187A5BED1E811C020040C93F /* Assets.xcassets */ = {isa = PBXFileReference; lastKnownFileType = folder.assetcatalog; path = Assets.xcassets; sourceTree = "<group>"; };
		187A5BF01E811C020040C93F /* Base */ = {isa = PBXFileReference; lastKnownFileType = file.storyboard; name = Base; path = Base.lproj/LaunchScreen.storyboard; sourceTree = "<group>"; };
		187A5BF21E811C020040C93F /* Info.plist */ = {isa = PBXFileReference; lastKnownFileType = text.plist.xml; path = Info.plist; sourceTree = "<group>"; };
		187A5BF71E811C020040C93F /* QSPhotoSelectTests.xctest */ = {isa = PBXFileReference; explicitFileType = wrapper.cfbundle; includeInIndex = 0; path = QSPhotoSelectTests.xctest; sourceTree = BUILT_PRODUCTS_DIR; };
		187A5BFB1E811C020040C93F /* QSPhotoSelectTests.m */ = {isa = PBXFileReference; lastKnownFileType = sourcecode.c.objc; path = QSPhotoSelectTests.m; sourceTree = "<group>"; };
		187A5BFD1E811C020040C93F /* Info.plist */ = {isa = PBXFileReference; lastKnownFileType = text.plist.xml; path = Info.plist; sourceTree = "<group>"; };
		187A5C021E811C020040C93F /* QSPhotoSelectUITests.xctest */ = {isa = PBXFileReference; explicitFileType = wrapper.cfbundle; includeInIndex = 0; path = QSPhotoSelectUITests.xctest; sourceTree = BUILT_PRODUCTS_DIR; };
		187A5C061E811C020040C93F /* QSPhotoSelectUITests.m */ = {isa = PBXFileReference; lastKnownFileType = sourcecode.c.objc; path = QSPhotoSelectUITests.m; sourceTree = "<group>"; };
		187A5C081E811C020040C93F /* Info.plist */ = {isa = PBXFileReference; lastKnownFileType = text.plist.xml; path = Info.plist; sourceTree = "<group>"; };
		18B845D51E8A6961003B3907 /* Constants.h */ = {isa = PBXFileReference; lastKnownFileType = sourcecode.c.h; path = Constants.h; sourceTree = "<group>"; };
		18C7B1311E8B939000697DF9 /* QSBrowserHeadView.h */ = {isa = PBXFileReference; fileEncoding = 4; lastKnownFileType = sourcecode.c.h; path = QSBrowserHeadView.h; sourceTree = "<group>"; };
		18C7B1321E8B939000697DF9 /* QSBrowserHeadView.m */ = {isa = PBXFileReference; fileEncoding = 4; lastKnownFileType = sourcecode.c.objc; path = QSBrowserHeadView.m; sourceTree = "<group>"; };
		18E493831E825D100088BF8C /* QSPhotosCollectionView.h */ = {isa = PBXFileReference; fileEncoding = 4; lastKnownFileType = sourcecode.c.h; path = QSPhotosCollectionView.h; sourceTree = "<group>"; };
		18E493841E825D100088BF8C /* QSPhotosCollectionView.m */ = {isa = PBXFileReference; fileEncoding = 4; lastKnownFileType = sourcecode.c.objc; path = QSPhotosCollectionView.m; sourceTree = "<group>"; };
		18E493861E8267C10088BF8C /* QSCollectionViewController.h */ = {isa = PBXFileReference; fileEncoding = 4; lastKnownFileType = sourcecode.c.h; path = QSCollectionViewController.h; sourceTree = "<group>"; };
		18E493871E8267C10088BF8C /* QSCollectionViewController.m */ = {isa = PBXFileReference; fileEncoding = 4; lastKnownFileType = sourcecode.c.objc; path = QSCollectionViewController.m; sourceTree = "<group>"; };
		18E493891E8291B90088BF8C /* QSPhotoTableViewController.h */ = {isa = PBXFileReference; fileEncoding = 4; lastKnownFileType = sourcecode.c.h; path = QSPhotoTableViewController.h; sourceTree = "<group>"; };
		18E4938A1E8291B90088BF8C /* QSPhotoTableViewController.m */ = {isa = PBXFileReference; fileEncoding = 4; lastKnownFileType = sourcecode.c.objc; path = QSPhotoTableViewController.m; sourceTree = "<group>"; };
/* End PBXFileReference section */

/* Begin PBXFrameworksBuildPhase section */
		187A5BDB1E811C020040C93F /* Frameworks */ = {
			isa = PBXFrameworksBuildPhase;
			buildActionMask = 2147483647;
			files = (
			);
			runOnlyForDeploymentPostprocessing = 0;
		};
		187A5BF41E811C020040C93F /* Frameworks */ = {
			isa = PBXFrameworksBuildPhase;
			buildActionMask = 2147483647;
			files = (
			);
			runOnlyForDeploymentPostprocessing = 0;
		};
		187A5BFF1E811C020040C93F /* Frameworks */ = {
			isa = PBXFrameworksBuildPhase;
			buildActionMask = 2147483647;
			files = (
			);
			runOnlyForDeploymentPostprocessing = 0;
		};
/* End PBXFrameworksBuildPhase section */

/* Begin PBXGroup section */
		18711D141E84B71800CB3CB7 /* Controller */ = {
			isa = PBXGroup;
			children = (
				187A5BE71E811C020040C93F /* ViewController.h */,
				187A5BE81E811C020040C93F /* ViewController.m */,
				18E493861E8267C10088BF8C /* QSCollectionViewController.h */,
				18E493871E8267C10088BF8C /* QSCollectionViewController.m */,
				18E493891E8291B90088BF8C /* QSPhotoTableViewController.h */,
				18E4938A1E8291B90088BF8C /* QSPhotoTableViewController.m */,
				181A7F581E83CCB30022DCF2 /* QSPhotoSelectViewController.h */,
				181A7F591E83CCB30022DCF2 /* QSPhotoSelectViewController.m */,
			);
			name = Controller;
			sourceTree = "<group>";
		};
		18711D151E84B72B00CB3CB7 /* VIew */ = {
			isa = PBXGroup;
			children = (
				1863B6841E8222A200DC5713 /* QSPhotoSelectImageView.h */,
				1863B6851E8222A200DC5713 /* QSPhotoSelectImageView.m */,
				181A7F521E83A9360022DCF2 /* QSPhotosFooterView.h */,
				181A7F531E83A9360022DCF2 /* QSPhotosFooterView.m */,
				18E493831E825D100088BF8C /* QSPhotosCollectionView.h */,
				18E493841E825D100088BF8C /* QSPhotosCollectionView.m */,
				181A7F551E83AF580022DCF2 /* QSPhotosBottomView.h */,
				181A7F561E83AF580022DCF2 /* QSPhotosBottomView.m */,
			);
			name = VIew;
			sourceTree = "<group>";
		};
		18711D161E84C2A000CB3CB7 /* Model */ = {
			isa = PBXGroup;
			children = (
				18711D1A1E84C52B00CB3CB7 /* QSPhotoAsset.h */,
				18711D1B1E84C52B00CB3CB7 /* QSPhotoAsset.m */,
				18711D171E84C44400CB3CB7 /* QSPhotoGroup.h */,
				18711D181E84C44400CB3CB7 /* QSPhotoGroup.m */,
			);
			name = Model;
			sourceTree = "<group>";
		};
		187705311E8A01B900E93DE6 /* QSPhotoSelect */ = {
			isa = PBXGroup;
			children = (
				18711D161E84C2A000CB3CB7 /* Model */,
				18711D151E84B72B00CB3CB7 /* VIew */,
				18711D141E84B71800CB3CB7 /* Controller */,
			);
			name = QSPhotoSelect;
			sourceTree = "<group>";
		};
		187705321E8A01CF00E93DE6 /* QSPhototBrowser */ = {
			isa = PBXGroup;
			children = (
				187705341E8A021200E93DE6 /* Model */,
				187705351E8A021800E93DE6 /* View */,
				187705331E8A020800E93DE6 /* Controller */,
			);
			name = QSPhototBrowser;
			sourceTree = "<group>";
		};
		187705331E8A020800E93DE6 /* Controller */ = {
			isa = PBXGroup;
			children = (
				187705361E8A024100E93DE6 /* QSBrowserViewController.h */,
				187705371E8A024100E93DE6 /* QSBrowserViewController.m */,
			);
			name = Controller;
			sourceTree = "<group>";
		};
		187705341E8A021200E93DE6 /* Model */ = {
			isa = PBXGroup;
			children = (
			);
			name = Model;
			sourceTree = "<group>";
		};
		187705351E8A021800E93DE6 /* View */ = {
			isa = PBXGroup;
			children = (
				187705461E8A4C5900E93DE6 /* QSBrowserCell.h */,
				187705471E8A4C5900E93DE6 /* QSBrowserCell.m */,
				18C7B1311E8B939000697DF9 /* QSBrowserHeadView.h */,
				18C7B1321E8B939000697DF9 /* QSBrowserHeadView.m */,
			);
			name = View;
			sourceTree = "<group>";
		};
		1877053D1E8A15D800E93DE6 /* Common */ = {
			isa = PBXGroup;
			children = (
				187705491E8A517100E93DE6 /* Category */,
				187705401E8A163000E93DE6 /* Const */,
				1877053F1E8A160800E93DE6 /* Utils */,
				1877053E1E8A15F500E93DE6 /* Macros */,
			);
			name = Common;
			sourceTree = "<group>";
		};
		1877053E1E8A15F500E93DE6 /* Macros */ = {
			isa = PBXGroup;
			children = (
				187705451E8A388000E93DE6 /* MacroDefinition.h */,
			);
			name = Macros;
			sourceTree = "<group>";
		};
		1877053F1E8A160800E93DE6 /* Utils */ = {
			isa = PBXGroup;
			children = (
				187705411E8A163B00E93DE6 /* Utils.h */,
				187705421E8A163B00E93DE6 /* Utils.m */,
			);
			name = Utils;
			sourceTree = "<group>";
		};
		187705401E8A163000E93DE6 /* Const */ = {
			isa = PBXGroup;
			children = (
				18B845D51E8A6961003B3907 /* Constants.h */,
			);
			name = Const;
			sourceTree = "<group>";
		};
		187705491E8A517100E93DE6 /* Category */ = {
			isa = PBXGroup;
			children = (
				1877054A1E8A51AB00E93DE6 /* UIView+GetViewLayout.h */,
				1877054B1E8A51AB00E93DE6 /* UIView+GetViewLayout.m */,
			);
			name = Category;
			sourceTree = "<group>";
		};
		187A5BD51E811C020040C93F = {
			isa = PBXGroup;
			children = (
				187A5BE01E811C020040C93F /* QSPhotoSelect */,
				187A5BFA1E811C020040C93F /* QSPhotoSelectTests */,
				187A5C051E811C020040C93F /* QSPhotoSelectUITests */,
				187A5BDF1E811C020040C93F /* Products */,
			);
			sourceTree = "<group>";
		};
		187A5BDF1E811C020040C93F /* Products */ = {
			isa = PBXGroup;
			children = (
				187A5BDE1E811C020040C93F /* QSPhotoSelect.app */,
				187A5BF71E811C020040C93F /* QSPhotoSelectTests.xctest */,
				187A5C021E811C020040C93F /* QSPhotoSelectUITests.xctest */,
			);
			name = Products;
			sourceTree = "<group>";
		};
		187A5BE01E811C020040C93F /* QSPhotoSelect */ = {
			isa = PBXGroup;
			children = (
				187A5BE41E811C020040C93F /* AppDelegate.h */,
				187A5BE51E811C020040C93F /* AppDelegate.m */,
				187705321E8A01CF00E93DE6 /* QSPhototBrowser */,
				187705311E8A01B900E93DE6 /* QSPhotoSelect */,
				1877053D1E8A15D800E93DE6 /* Common */,
				187A5BEA1E811C020040C93F /* Main.storyboard */,
				187A5BED1E811C020040C93F /* Assets.xcassets */,
				187A5BEF1E811C020040C93F /* LaunchScreen.storyboard */,
				187A5BF21E811C020040C93F /* Info.plist */,
				187A5BE11E811C020040C93F /* Supporting Files */,
			);
			path = QSPhotoSelect;
			sourceTree = "<group>";
		};
		187A5BE11E811C020040C93F /* Supporting Files */ = {
			isa = PBXGroup;
			children = (
				187A5BE21E811C020040C93F /* main.m */,
			);
			name = "Supporting Files";
			sourceTree = "<group>";
		};
		187A5BFA1E811C020040C93F /* QSPhotoSelectTests */ = {
			isa = PBXGroup;
			children = (
				187A5BFB1E811C020040C93F /* QSPhotoSelectTests.m */,
				187A5BFD1E811C020040C93F /* Info.plist */,
			);
			path = QSPhotoSelectTests;
			sourceTree = "<group>";
		};
		187A5C051E811C020040C93F /* QSPhotoSelectUITests */ = {
			isa = PBXGroup;
			children = (
				187A5C061E811C020040C93F /* QSPhotoSelectUITests.m */,
				187A5C081E811C020040C93F /* Info.plist */,
			);
			path = QSPhotoSelectUITests;
			sourceTree = "<group>";
		};
/* End PBXGroup section */

/* Begin PBXNativeTarget section */
		187A5BDD1E811C020040C93F /* QSPhotoSelect */ = {
			isa = PBXNativeTarget;
			buildConfigurationList = 187A5C0B1E811C020040C93F /* Build configuration list for PBXNativeTarget "QSPhotoSelect" */;
			buildPhases = (
				187A5BDA1E811C020040C93F /* Sources */,
				187A5BDB1E811C020040C93F /* Frameworks */,
				187A5BDC1E811C020040C93F /* Resources */,
			);
			buildRules = (
			);
			dependencies = (
			);
			name = QSPhotoSelect;
			productName = PhototKitTest;
			productReference = 187A5BDE1E811C020040C93F /* QSPhotoSelect.app */;
			productType = "com.apple.product-type.application";
		};
		187A5BF61E811C020040C93F /* QSPhotoSelectTests */ = {
			isa = PBXNativeTarget;
			buildConfigurationList = 187A5C0E1E811C020040C93F /* Build configuration list for PBXNativeTarget "QSPhotoSelectTests" */;
			buildPhases = (
				187A5BF31E811C020040C93F /* Sources */,
				187A5BF41E811C020040C93F /* Frameworks */,
				187A5BF51E811C020040C93F /* Resources */,
			);
			buildRules = (
			);
			dependencies = (
				187A5BF91E811C020040C93F /* PBXTargetDependency */,
			);
			name = QSPhotoSelectTests;
			productName = PhototKitTestTests;
			productReference = 187A5BF71E811C020040C93F /* QSPhotoSelectTests.xctest */;
			productType = "com.apple.product-type.bundle.unit-test";
		};
		187A5C011E811C020040C93F /* QSPhotoSelectUITests */ = {
			isa = PBXNativeTarget;
			buildConfigurationList = 187A5C111E811C020040C93F /* Build configuration list for PBXNativeTarget "QSPhotoSelectUITests" */;
			buildPhases = (
				187A5BFE1E811C020040C93F /* Sources */,
				187A5BFF1E811C020040C93F /* Frameworks */,
				187A5C001E811C020040C93F /* Resources */,
			);
			buildRules = (
			);
			dependencies = (
				187A5C041E811C020040C93F /* PBXTargetDependency */,
			);
			name = QSPhotoSelectUITests;
			productName = PhototKitTestUITests;
			productReference = 187A5C021E811C020040C93F /* QSPhotoSelectUITests.xctest */;
			productType = "com.apple.product-type.bundle.ui-testing";
		};
/* End PBXNativeTarget section */

/* Begin PBXProject section */
		187A5BD61E811C020040C93F /* Project object */ = {
			isa = PBXProject;
			attributes = {
				LastUpgradeCheck = 0820;
				ORGANIZATIONNAME = "ZJ-Jie";
				TargetAttributes = {
					187A5BDD1E811C020040C93F = {
						CreatedOnToolsVersion = 8.2.1;
						DevelopmentTeam = 554Q59PJJ2;
						ProvisioningStyle = Automatic;
					};
					187A5BF61E811C020040C93F = {
						CreatedOnToolsVersion = 8.2.1;
						DevelopmentTeam = 554Q59PJJ2;
						ProvisioningStyle = Automatic;
						TestTargetID = 187A5BDD1E811C020040C93F;
					};
					187A5C011E811C020040C93F = {
						CreatedOnToolsVersion = 8.2.1;
						DevelopmentTeam = 554Q59PJJ2;
						ProvisioningStyle = Automatic;
						TestTargetID = 187A5BDD1E811C020040C93F;
					};
				};
			};
			buildConfigurationList = 187A5BD91E811C020040C93F /* Build configuration list for PBXProject "QSPhotoSelect" */;
			compatibilityVersion = "Xcode 3.2";
			developmentRegion = English;
			hasScannedForEncodings = 0;
			knownRegions = (
				en,
				Base,
			);
			mainGroup = 187A5BD51E811C020040C93F;
			productRefGroup = 187A5BDF1E811C020040C93F /* Products */;
			projectDirPath = "";
			projectRoot = "";
			targets = (
				187A5BDD1E811C020040C93F /* QSPhotoSelect */,
				187A5BF61E811C020040C93F /* QSPhotoSelectTests */,
				187A5C011E811C020040C93F /* QSPhotoSelectUITests */,
			);
		};
/* End PBXProject section */

/* Begin PBXResourcesBuildPhase section */
		187A5BDC1E811C020040C93F /* Resources */ = {
			isa = PBXResourcesBuildPhase;
			buildActionMask = 2147483647;
			files = (
				187A5BF11E811C020040C93F /* LaunchScreen.storyboard in Resources */,
				187A5BEE1E811C020040C93F /* Assets.xcassets in Resources */,
				187A5BEC1E811C020040C93F /* Main.storyboard in Resources */,
			);
			runOnlyForDeploymentPostprocessing = 0;
		};
		187A5BF51E811C020040C93F /* Resources */ = {
			isa = PBXResourcesBuildPhase;
			buildActionMask = 2147483647;
			files = (
			);
			runOnlyForDeploymentPostprocessing = 0;
		};
		187A5C001E811C020040C93F /* Resources */ = {
			isa = PBXResourcesBuildPhase;
			buildActionMask = 2147483647;
			files = (
			);
			runOnlyForDeploymentPostprocessing = 0;
		};
/* End PBXResourcesBuildPhase section */

/* Begin PBXSourcesBuildPhase section */
		187A5BDA1E811C020040C93F /* Sources */ = {
			isa = PBXSourcesBuildPhase;
			buildActionMask = 2147483647;
			files = (
				187705381E8A024100E93DE6 /* QSBrowserViewController.m in Sources */,
				18E493881E8267C10088BF8C /* QSCollectionViewController.m in Sources */,
				18E4938B1E8291B90088BF8C /* QSPhotoTableViewController.m in Sources */,
				187705481E8A4C5900E93DE6 /* QSBrowserCell.m in Sources */,
				181A7F541E83A9360022DCF2 /* QSPhotosFooterView.m in Sources */,
				187A5BE91E811C020040C93F /* ViewController.m in Sources */,
				187705431E8A163B00E93DE6 /* Utils.m in Sources */,
				18E493851E825D100088BF8C /* QSPhotosCollectionView.m in Sources */,
				181A7F571E83AF580022DCF2 /* QSPhotosBottomView.m in Sources */,
				18C7B1331E8B939000697DF9 /* QSBrowserHeadView.m in Sources */,
				181A7F5A1E83CCB30022DCF2 /* QSPhotoSelectViewController.m in Sources */,
				18711D1C1E84C52B00CB3CB7 /* QSPhotoAsset.m in Sources */,
				187A5BE61E811C020040C93F /* AppDelegate.m in Sources */,
				187A5BE31E811C020040C93F /* main.m in Sources */,
				18711D191E84C44400CB3CB7 /* QSPhotoGroup.m in Sources */,
				1877054C1E8A51AB00E93DE6 /* UIView+GetViewLayout.m in Sources */,
				1863B6861E8222A200DC5713 /* QSPhotoSelectImageView.m in Sources */,
			);
			runOnlyForDeploymentPostprocessing = 0;
		};
		187A5BF31E811C020040C93F /* Sources */ = {
			isa = PBXSourcesBuildPhase;
			buildActionMask = 2147483647;
			files = (
				187A5BFC1E811C020040C93F /* QSPhotoSelectTests.m in Sources */,
			);
			runOnlyForDeploymentPostprocessing = 0;
		};
		187A5BFE1E811C020040C93F /* Sources */ = {
			isa = PBXSourcesBuildPhase;
			buildActionMask = 2147483647;
			files = (
				187A5C071E811C020040C93F /* QSPhotoSelectUITests.m in Sources */,
			);
			runOnlyForDeploymentPostprocessing = 0;
		};
/* End PBXSourcesBuildPhase section */

/* Begin PBXTargetDependency section */
		187A5BF91E811C020040C93F /* PBXTargetDependency */ = {
			isa = PBXTargetDependency;
			target = 187A5BDD1E811C020040C93F /* QSPhotoSelect */;
			targetProxy = 187A5BF81E811C020040C93F /* PBXContainerItemProxy */;
		};
		187A5C041E811C020040C93F /* PBXTargetDependency */ = {
			isa = PBXTargetDependency;
			target = 187A5BDD1E811C020040C93F /* QSPhotoSelect */;
			targetProxy = 187A5C031E811C020040C93F /* PBXContainerItemProxy */;
		};
/* End PBXTargetDependency section */

/* Begin PBXVariantGroup section */
		187A5BEA1E811C020040C93F /* Main.storyboard */ = {
			isa = PBXVariantGroup;
			children = (
				187A5BEB1E811C020040C93F /* Base */,
			);
			name = Main.storyboard;
			sourceTree = "<group>";
		};
		187A5BEF1E811C020040C93F /* LaunchScreen.storyboard */ = {
			isa = PBXVariantGroup;
			children = (
				187A5BF01E811C020040C93F /* Base */,
			);
			name = LaunchScreen.storyboard;
			sourceTree = "<group>";
		};
/* End PBXVariantGroup section */

/* Begin XCBuildConfiguration section */
		187A5C091E811C020040C93F /* Debug */ = {
			isa = XCBuildConfiguration;
			buildSettings = {
				ALWAYS_SEARCH_USER_PATHS = NO;
				CLANG_ANALYZER_NONNULL = YES;
				CLANG_CXX_LANGUAGE_STANDARD = "gnu++0x";
				CLANG_CXX_LIBRARY = "libc++";
				CLANG_ENABLE_MODULES = YES;
				CLANG_ENABLE_OBJC_ARC = YES;
				CLANG_WARN_BOOL_CONVERSION = YES;
				CLANG_WARN_CONSTANT_CONVERSION = YES;
				CLANG_WARN_DIRECT_OBJC_ISA_USAGE = YES_ERROR;
				CLANG_WARN_DOCUMENTATION_COMMENTS = YES;
				CLANG_WARN_EMPTY_BODY = YES;
				CLANG_WARN_ENUM_CONVERSION = YES;
				CLANG_WARN_INFINITE_RECURSION = YES;
				CLANG_WARN_INT_CONVERSION = YES;
				CLANG_WARN_OBJC_ROOT_CLASS = YES_ERROR;
				CLANG_WARN_SUSPICIOUS_MOVE = YES;
				CLANG_WARN_UNREACHABLE_CODE = YES;
				CLANG_WARN__DUPLICATE_METHOD_MATCH = YES;
				"CODE_SIGN_IDENTITY[sdk=iphoneos*]" = "iPhone Developer";
				COPY_PHASE_STRIP = NO;
				DEBUG_INFORMATION_FORMAT = dwarf;
				ENABLE_STRICT_OBJC_MSGSEND = YES;
				ENABLE_TESTABILITY = YES;
				GCC_C_LANGUAGE_STANDARD = gnu99;
				GCC_DYNAMIC_NO_PIC = NO;
				GCC_NO_COMMON_BLOCKS = YES;
				GCC_OPTIMIZATION_LEVEL = 0;
				GCC_PREPROCESSOR_DEFINITIONS = (
					"DEBUG=1",
					"$(inherited)",
				);
				GCC_WARN_64_TO_32_BIT_CONVERSION = YES;
				GCC_WARN_ABOUT_RETURN_TYPE = YES_ERROR;
				GCC_WARN_UNDECLARED_SELECTOR = YES;
				GCC_WARN_UNINITIALIZED_AUTOS = YES_AGGRESSIVE;
				GCC_WARN_UNUSED_FUNCTION = YES;
				GCC_WARN_UNUSED_VARIABLE = YES;
				IPHONEOS_DEPLOYMENT_TARGET = 10.2;
				MTL_ENABLE_DEBUG_INFO = YES;
				ONLY_ACTIVE_ARCH = YES;
				SDKROOT = iphoneos;
				TARGETED_DEVICE_FAMILY = "1,2";
			};
			name = Debug;
		};
		187A5C0A1E811C020040C93F /* Release */ = {
			isa = XCBuildConfiguration;
			buildSettings = {
				ALWAYS_SEARCH_USER_PATHS = NO;
				CLANG_ANALYZER_NONNULL = YES;
				CLANG_CXX_LANGUAGE_STANDARD = "gnu++0x";
				CLANG_CXX_LIBRARY = "libc++";
				CLANG_ENABLE_MODULES = YES;
				CLANG_ENABLE_OBJC_ARC = YES;
				CLANG_WARN_BOOL_CONVERSION = YES;
				CLANG_WARN_CONSTANT_CONVERSION = YES;
				CLANG_WARN_DIRECT_OBJC_ISA_USAGE = YES_ERROR;
				CLANG_WARN_DOCUMENTATION_COMMENTS = YES;
				CLANG_WARN_EMPTY_BODY = YES;
				CLANG_WARN_ENUM_CONVERSION = YES;
				CLANG_WARN_INFINITE_RECURSION = YES;
				CLANG_WARN_INT_CONVERSION = YES;
				CLANG_WARN_OBJC_ROOT_CLASS = YES_ERROR;
				CLANG_WARN_SUSPICIOUS_MOVE = YES;
				CLANG_WARN_UNREACHABLE_CODE = YES;
				CLANG_WARN__DUPLICATE_METHOD_MATCH = YES;
				"CODE_SIGN_IDENTITY[sdk=iphoneos*]" = "iPhone Developer";
				COPY_PHASE_STRIP = NO;
				DEBUG_INFORMATION_FORMAT = "dwarf-with-dsym";
				ENABLE_NS_ASSERTIONS = NO;
				ENABLE_STRICT_OBJC_MSGSEND = YES;
				GCC_C_LANGUAGE_STANDARD = gnu99;
				GCC_NO_COMMON_BLOCKS = YES;
				GCC_WARN_64_TO_32_BIT_CONVERSION = YES;
				GCC_WARN_ABOUT_RETURN_TYPE = YES_ERROR;
				GCC_WARN_UNDECLARED_SELECTOR = YES;
				GCC_WARN_UNINITIALIZED_AUTOS = YES_AGGRESSIVE;
				GCC_WARN_UNUSED_FUNCTION = YES;
				GCC_WARN_UNUSED_VARIABLE = YES;
				IPHONEOS_DEPLOYMENT_TARGET = 10.2;
				MTL_ENABLE_DEBUG_INFO = NO;
				SDKROOT = iphoneos;
				TARGETED_DEVICE_FAMILY = "1,2";
				VALIDATE_PRODUCT = YES;
			};
			name = Release;
		};
		187A5C0C1E811C020040C93F /* Debug */ = {
			isa = XCBuildConfiguration;
			buildSettings = {
				ASSETCATALOG_COMPILER_APPICON_NAME = AppIcon;
				DEVELOPMENT_TEAM = 554Q59PJJ2;
				INFOPLIST_FILE = QSPhotoSelect/Info.plist;
				IPHONEOS_DEPLOYMENT_TARGET = 9.0;
				LD_RUNPATH_SEARCH_PATHS = "$(inherited) @executable_path/Frameworks";
				PRODUCT_BUNDLE_IDENTIFIER = Jie.QSPhotoSelect;
				PRODUCT_NAME = "$(TARGET_NAME)";
			};
			name = Debug;
		};
		187A5C0D1E811C020040C93F /* Release */ = {
			isa = XCBuildConfiguration;
			buildSettings = {
				ASSETCATALOG_COMPILER_APPICON_NAME = AppIcon;
				DEVELOPMENT_TEAM = 554Q59PJJ2;
				INFOPLIST_FILE = QSPhotoSelect/Info.plist;
				IPHONEOS_DEPLOYMENT_TARGET = 9.0;
				LD_RUNPATH_SEARCH_PATHS = "$(inherited) @executable_path/Frameworks";
				PRODUCT_BUNDLE_IDENTIFIER = Jie.QSPhotoSelect;
				PRODUCT_NAME = "$(TARGET_NAME)";
			};
			name = Release;
		};
		187A5C0F1E811C020040C93F /* Debug */ = {
			isa = XCBuildConfiguration;
			buildSettings = {
				BUNDLE_LOADER = "$(TEST_HOST)";
				DEVELOPMENT_TEAM = 554Q59PJJ2;
				INFOPLIST_FILE = QSPhotoSelectTests/Info.plist;
				LD_RUNPATH_SEARCH_PATHS = "$(inherited) @executable_path/Frameworks @loader_path/Frameworks";
				PRODUCT_BUNDLE_IDENTIFIER = Jie.QSPhotoSelectTests;
				PRODUCT_NAME = "$(TARGET_NAME)";
				TEST_HOST = "$(BUILT_PRODUCTS_DIR)/QSPhotoSelect.app/QSPhotoSelect";
			};
			name = Debug;
		};
		187A5C101E811C020040C93F /* Release */ = {
			isa = XCBuildConfiguration;
			buildSettings = {
				BUNDLE_LOADER = "$(TEST_HOST)";
				DEVELOPMENT_TEAM = 554Q59PJJ2;
				INFOPLIST_FILE = QSPhotoSelectTests/Info.plist;
				LD_RUNPATH_SEARCH_PATHS = "$(inherited) @executable_path/Frameworks @loader_path/Frameworks";
				PRODUCT_BUNDLE_IDENTIFIER = Jie.QSPhotoSelectTests;
				PRODUCT_NAME = "$(TARGET_NAME)";
				TEST_HOST = "$(BUILT_PRODUCTS_DIR)/QSPhotoSelect.app/QSPhotoSelect";
			};
			name = Release;
		};
		187A5C121E811C020040C93F /* Debug */ = {
			isa = XCBuildConfiguration;
			buildSettings = {
				DEVELOPMENT_TEAM = 554Q59PJJ2;
				INFOPLIST_FILE = QSPhotoSelectUITests/Info.plist;
				LD_RUNPATH_SEARCH_PATHS = "$(inherited) @executable_path/Frameworks @loader_path/Frameworks";
				PRODUCT_BUNDLE_IDENTIFIER = Jie.QSPhotoSelectUITests;
				PRODUCT_NAME = "$(TARGET_NAME)";
				TEST_TARGET_NAME = QSPhotoSelect;
			};
			name = Debug;
		};
		187A5C131E811C020040C93F /* Release */ = {
			isa = XCBuildConfiguration;
			buildSettings = {
				DEVELOPMENT_TEAM = 554Q59PJJ2;
				INFOPLIST_FILE = QSPhotoSelectUITests/Info.plist;
				LD_RUNPATH_SEARCH_PATHS = "$(inherited) @executable_path/Frameworks @loader_path/Frameworks";
				PRODUCT_BUNDLE_IDENTIFIER = Jie.QSPhotoSelectUITests;
				PRODUCT_NAME = "$(TARGET_NAME)";
				TEST_TARGET_NAME = QSPhotoSelect;
			};
			name = Release;
		};
/* End XCBuildConfiguration section */

/* Begin XCConfigurationList section */
		187A5BD91E811C020040C93F /* Build configuration list for PBXProject "QSPhotoSelect" */ = {
			isa = XCConfigurationList;
			buildConfigurations = (
				187A5C091E811C020040C93F /* Debug */,
				187A5C0A1E811C020040C93F /* Release */,
			);
			defaultConfigurationIsVisible = 0;
			defaultConfigurationName = Release;
		};
		187A5C0B1E811C020040C93F /* Build configuration list for PBXNativeTarget "QSPhotoSelect" */ = {
			isa = XCConfigurationList;
			buildConfigurations = (
				187A5C0C1E811C020040C93F /* Debug */,
				187A5C0D1E811C020040C93F /* Release */,
			);
			defaultConfigurationIsVisible = 0;
			defaultConfigurationName = Release;
		};
		187A5C0E1E811C020040C93F /* Build configuration list for PBXNativeTarget "QSPhotoSelectTests" */ = {
			isa = XCConfigurationList;
			buildConfigurations = (
				187A5C0F1E811C020040C93F /* Debug */,
				187A5C101E811C020040C93F /* Release */,
			);
			defaultConfigurationIsVisible = 0;
			defaultConfigurationName = Release;
		};
		187A5C111E811C020040C93F /* Build configuration list for PBXNativeTarget "QSPhotoSelectUITests" */ = {
			isa = XCConfigurationList;
			buildConfigurations = (
				187A5C121E811C020040C93F /* Debug */,
				187A5C131E811C020040C93F /* Release */,
			);
			defaultConfigurationIsVisible = 0;
			defaultConfigurationName = Release;
		};
/* End XCConfigurationList section */
	};
	rootObject = 187A5BD61E811C020040C93F /* Project object */;
}
